{
  "name": "TASKAPP",
  "lockfileVersion": 2,
  "requires": true,
  "packages": {
    "": {
      "dependencies": {
        "fortawesome": "^0.0.1-security",
        "uuid": "^9.0.1"
      }
    },
    "node_modules/fortawesome": {
      "version": "0.0.1-security",
      "resolved": "https://registry.npmjs.org/fortawesome/-/fortawesome-0.0.1-security.tgz",
      "integrity": "sha512-o/pwn9ZSnveFLYP0d5IejSwz0rpGMDQsBaYVvR8WXSvnxILIwh7IUJK0P90QMF4cnIyouVF2BGrz0LEVSyzimA=="
    },
    "node_modules/uuid": {
      "version": "9.0.1",
      "resolved": "https://registry.npmjs.org/uuid/-/uuid-9.0.1.tgz",
      "integrity": "sha512-b+1eJOlsR9K8HJpow9Ok3fiWOWSIcIzXodvv0rQjVoOVNpWMpxf1wZNpt4y9h10odCNrqnYp1OBzRktckBe3sA==",
      "funding": [
        "https://github.com/sponsors/broofa",
        "https://github.com/sponsors/ctavan"
      ],
      "bin": {
        "uuid": "dist/bin/uuid"
      }
    }
  },
  "dependencies": {
    "fortawesome": {
      "version": "0.0.1-security",
      "resolved": "https://registry.npmjs.org/fortawesome/-/fortawesome-0.0.1-security.tgz",
      "integrity": "sha512-o/pwn9ZSnveFLYP0d5IejSwz0rpGMDQsBaYVvR8WXSvnxILIwh7IUJK0P90QMF4cnIyouVF2BGrz0LEVSyzimA=="
    },
    "uuid": {
      "version": "9.0.1",
      "resolved": "https://registry.npmjs.org/uuid/-/uuid-9.0.1.tgz",
      "integrity": "sha512-b+1eJOlsR9K8HJpow9Ok3fiWOWSIcIzXodvv0rQjVoOVNpWMpxf1wZNpt4y9h10odCNrqnYp1OBzRktckBe3sA=="
    }
  }
}
